
Microsoft Visual Studio Solution File, Format Version 12.00
# Visual Studio Version 16
VisualStudioVersion = 16.0.30523.141
MinimumVisualStudioVersion = 10.0.40219.1
Project("{FAE04EC0-301F-11D3-BF4B-00C04F79EFBC}") = "Student_Databse_App", "Student_Databse_App\Student_Databse_App.csproj", "{CEDD9E40-E97A-4392-9CCE-4E43C67B5B85}"
EndProject
Global
	GlobalSection(SolutionConfigurationPlatforms) = preSolution
		Debug|Any CPU = Debug|Any CPU
		Release|Any CPU = Release|Any CPU
	EndGlobalSection
	GlobalSection(ProjectConfigurationPlatforms) = postSolution
		{CEDD9E40-E97A-4392-9CCE-4E43C67B5B85}.Debug|Any CPU.ActiveCfg = Debug|Any CPU
		{CEDD9E40-E97A-4392-9CCE-4E43C67B5B85}.Debug|Any CPU.Build.0 = Debug|Any CPU
		{CEDD9E40-E97A-4392-9CCE-4E43C67B5B85}.Release|Any CPU.ActiveCfg = Release|Any CPU
		{CEDD9E40-E97A-4392-9CCE-4E43C67B5B85}.Release|Any CPU.Build.0 = Release|Any CPU
	EndGlobalSection
	GlobalSection(SolutionProperties) = preSolution
		HideSolutionNode = FALSE
	EndGlobalSection
	GlobalSection(ExtensibilityGlobals) = postSolution
		SolutionGuid = {7E84AC01-AC13-4175-B6F7-E3926D41425C}
	EndGlobalSection
EndGlobal
