
Microsoft Visual Studio Solution File, Format Version 12.00
# Visual Studio 15
VisualStudioVersion = 15.0.28307.572
MinimumVisualStudioVersion = 10.0.40219.1
Project("{FAE04EC0-301F-11D3-BF4B-00C04F79EFBC}") = "FawadIjazAssigt", "FawadIjazAssigt\FawadIjazAssigt.csproj", "{98FB41D0-EA7D-43B6-8578-FCD6D7DB64A3}"
EndProject
Global
	GlobalSection(SolutionConfigurationPlatforms) = preSolution
		Debug|Any CPU = Debug|Any CPU
		Release|Any CPU = Release|Any CPU
	EndGlobalSection
	GlobalSection(ProjectConfigurationPlatforms) = postSolution
		{98FB41D0-EA7D-43B6-8578-FCD6D7DB64A3}.Debug|Any CPU.ActiveCfg = Debug|Any CPU
		{98FB41D0-EA7D-43B6-8578-FCD6D7DB64A3}.Debug|Any CPU.Build.0 = Debug|Any CPU
		{98FB41D0-EA7D-43B6-8578-FCD6D7DB64A3}.Release|Any CPU.ActiveCfg = Release|Any CPU
		{98FB41D0-EA7D-43B6-8578-FCD6D7DB64A3}.Release|Any CPU.Build.0 = Release|Any CPU
	EndGlobalSection
	GlobalSection(SolutionProperties) = preSolution
		HideSolutionNode = FALSE
	EndGlobalSection
	GlobalSection(ExtensibilityGlobals) = postSolution
		SolutionGuid = {46B0CDD0-2EEF-43E9-96C5-AAD62D77199C}
	EndGlobalSection
EndGlobal
